
Microsoft Visual Studio Solution File, Format Version 12.00
# Visual Studio Version 17
VisualStudioVersion = 17.2.32616.157
MinimumVisualStudioVersion = 10.0.40219.1
Project("{FAE04EC0-301F-11D3-BF4B-00C04F79EFBC}") = "ElectronicStore", "ElectronicStore\ElectronicStore.csproj", "{4FB1C343-9D9D-42FE-A5CE-9D2C8B09B34D}"
EndProject
Global
	GlobalSection(SolutionConfigurationPlatforms) = preSolution
		Debug|Any CPU = Debug|Any CPU
		Release|Any CPU = Release|Any CPU
	EndGlobalSection
	GlobalSection(ProjectConfigurationPlatforms) = postSolution
		{4FB1C343-9D9D-42FE-A5CE-9D2C8B09B34D}.Debug|Any CPU.ActiveCfg = Debug|Any CPU
		{4FB1C343-9D9D-42FE-A5CE-9D2C8B09B34D}.Debug|Any CPU.Build.0 = Debug|Any CPU
		{4FB1C343-9D9D-42FE-A5CE-9D2C8B09B34D}.Release|Any CPU.ActiveCfg = Release|Any CPU
		{4FB1C343-9D9D-42FE-A5CE-9D2C8B09B34D}.Release|Any CPU.Build.0 = Release|Any CPU
	EndGlobalSection
	GlobalSection(SolutionProperties) = preSolution
		HideSolutionNode = FALSE
	EndGlobalSection
	GlobalSection(ExtensibilityGlobals) = postSolution
		SolutionGuid = {F4830B7F-4B5E-44FE-A481-9B6BD94A8F0E}
	EndGlobalSection
EndGlobal
